
Microsoft Visual Studio Solution File, Format Version 12.00
# Visual Studio 15
VisualStudioVersion = 15.0.28010.2041
MinimumVisualStudioVersion = 10.0.40219.1
Project("{FAE04EC0-301F-11D3-BF4B-00C04F79EFBC}") = "EmercitAdapter", "EmercitAdapter\EmercitAdapter.csproj", "{19B17B79-7817-4728-A437-A969506152E9}"
EndProject
Global
	GlobalSection(SolutionConfigurationPlatforms) = preSolution
		Debug|Any CPU = Debug|Any CPU
		Release|Any CPU = Release|Any CPU
	EndGlobalSection
	GlobalSection(ProjectConfigurationPlatforms) = postSolution
		{19B17B79-7817-4728-A437-A969506152E9}.Debug|Any CPU.ActiveCfg = Debug|Any CPU
		{19B17B79-7817-4728-A437-A969506152E9}.Debug|Any CPU.Build.0 = Debug|Any CPU
		{19B17B79-7817-4728-A437-A969506152E9}.Release|Any CPU.ActiveCfg = Release|Any CPU
		{19B17B79-7817-4728-A437-A969506152E9}.Release|Any CPU.Build.0 = Release|Any CPU
	EndGlobalSection
	GlobalSection(SolutionProperties) = preSolution
		HideSolutionNode = FALSE
	EndGlobalSection
	GlobalSection(ExtensibilityGlobals) = postSolution
		SolutionGuid = {7A49B0CE-B07A-48D1-8BDA-87E18FEA4A70}
	EndGlobalSection
EndGlobal
